
Microsoft Visual Studio Solution File, Format Version 12.00
# Visual Studio Version 17
VisualStudioVersion = 17.9.34622.214
MinimumVisualStudioVersion = 10.0.40219.1
Project("{FAE04EC0-301F-11D3-BF4B-00C04F79EFBC}") = "Laboratorio2", "Laboratorio2\Laboratorio2.csproj", "{F737348A-1790-4229-A07F-3A18431B6158}"
EndProject
Global
	GlobalSection(SolutionConfigurationPlatforms) = preSolution
		Debug|Any CPU = Debug|Any CPU
		Release|Any CPU = Release|Any CPU
	EndGlobalSection
	GlobalSection(ProjectConfigurationPlatforms) = postSolution
		{F737348A-1790-4229-A07F-3A18431B6158}.Debug|Any CPU.ActiveCfg = Debug|Any CPU
		{F737348A-1790-4229-A07F-3A18431B6158}.Debug|Any CPU.Build.0 = Debug|Any CPU
		{F737348A-1790-4229-A07F-3A18431B6158}.Release|Any CPU.ActiveCfg = Release|Any CPU
		{F737348A-1790-4229-A07F-3A18431B6158}.Release|Any CPU.Build.0 = Release|Any CPU
	EndGlobalSection
	GlobalSection(SolutionProperties) = preSolution
		HideSolutionNode = FALSE
	EndGlobalSection
	GlobalSection(ExtensibilityGlobals) = postSolution
		SolutionGuid = {FFF57156-AD5F-4EBA-B484-D403110E4868}
	EndGlobalSection
EndGlobal
